
Microsoft Visual Studio Solution File, Format Version 12.00
# Visual Studio Version 17
VisualStudioVersion = 17.5.002.0
MinimumVisualStudioVersion = 10.0.40219.1
Project("{9A19103F-16F7-4668-BE54-9A1E7A4F7556}") = "Juegos", "Juegos.csproj", "{C01724BE-545C-44A4-BC96-303EF748590E}"
EndProject
Project("{FAE04EC0-301F-11D3-BF4B-00C04F79EFBC}") = "Juegos.Models", "Models\Juegos.Models.csproj", "{51BFD680-7EE3-4964-9684-0E2060CC8C93}"
EndProject
Project("{FAE04EC0-301F-11D3-BF4B-00C04F79EFBC}") = "Juegos.Business", "Business\Juegos.Business.csproj", "{7ACA7353-5322-490B-817E-6A6786EA2309}"
EndProject
Project("{FAE04EC0-301F-11D3-BF4B-00C04F79EFBC}") = "Juegos.Presentation", "Presentation\Juegos.Presentation.csproj", "{38356D9C-B3F7-4F2A-AAA6-893E5FE1DC4C}"
EndProject
Project("{FAE04EC0-301F-11D3-BF4B-00C04F79EFBC}") = "Juegos.Data", "Data\Juegos.Data.csproj", "{921F6575-D5F5-4AA6-8D18-A365B2619DE4}"
EndProject
Global
	GlobalSection(SolutionConfigurationPlatforms) = preSolution
		Debug|Any CPU = Debug|Any CPU
		Release|Any CPU = Release|Any CPU
	EndGlobalSection
	GlobalSection(ProjectConfigurationPlatforms) = postSolution
		{C01724BE-545C-44A4-BC96-303EF748590E}.Debug|Any CPU.ActiveCfg = Debug|Any CPU
		{C01724BE-545C-44A4-BC96-303EF748590E}.Debug|Any CPU.Build.0 = Debug|Any CPU
		{C01724BE-545C-44A4-BC96-303EF748590E}.Release|Any CPU.ActiveCfg = Release|Any CPU
		{C01724BE-545C-44A4-BC96-303EF748590E}.Release|Any CPU.Build.0 = Release|Any CPU
		{51BFD680-7EE3-4964-9684-0E2060CC8C93}.Debug|Any CPU.ActiveCfg = Debug|Any CPU
		{51BFD680-7EE3-4964-9684-0E2060CC8C93}.Debug|Any CPU.Build.0 = Debug|Any CPU
		{51BFD680-7EE3-4964-9684-0E2060CC8C93}.Release|Any CPU.ActiveCfg = Release|Any CPU
		{51BFD680-7EE3-4964-9684-0E2060CC8C93}.Release|Any CPU.Build.0 = Release|Any CPU
		{7ACA7353-5322-490B-817E-6A6786EA2309}.Debug|Any CPU.ActiveCfg = Debug|Any CPU
		{7ACA7353-5322-490B-817E-6A6786EA2309}.Debug|Any CPU.Build.0 = Debug|Any CPU
		{7ACA7353-5322-490B-817E-6A6786EA2309}.Release|Any CPU.ActiveCfg = Release|Any CPU
		{7ACA7353-5322-490B-817E-6A6786EA2309}.Release|Any CPU.Build.0 = Release|Any CPU
		{38356D9C-B3F7-4F2A-AAA6-893E5FE1DC4C}.Debug|Any CPU.ActiveCfg = Debug|Any CPU
		{38356D9C-B3F7-4F2A-AAA6-893E5FE1DC4C}.Debug|Any CPU.Build.0 = Debug|Any CPU
		{38356D9C-B3F7-4F2A-AAA6-893E5FE1DC4C}.Release|Any CPU.ActiveCfg = Release|Any CPU
		{38356D9C-B3F7-4F2A-AAA6-893E5FE1DC4C}.Release|Any CPU.Build.0 = Release|Any CPU
		{921F6575-D5F5-4AA6-8D18-A365B2619DE4}.Debug|Any CPU.ActiveCfg = Debug|Any CPU
		{921F6575-D5F5-4AA6-8D18-A365B2619DE4}.Debug|Any CPU.Build.0 = Debug|Any CPU
		{921F6575-D5F5-4AA6-8D18-A365B2619DE4}.Release|Any CPU.ActiveCfg = Release|Any CPU
		{921F6575-D5F5-4AA6-8D18-A365B2619DE4}.Release|Any CPU.Build.0 = Release|Any CPU
	EndGlobalSection
	GlobalSection(SolutionProperties) = preSolution
		HideSolutionNode = FALSE
	EndGlobalSection
	GlobalSection(ExtensibilityGlobals) = postSolution
		SolutionGuid = {B05CC4E5-E409-4B49-AFEE-F0EBEB22422A}
	EndGlobalSection
EndGlobal
